// !$*UTF8*$!
{
	archiveVersion = 1;
	classes = {
	};
	objectVersion = 46;
	objects = {

/* Begin PBXFileReference section */
		230ADFB219BB3AF5006F19BB /* TeamHelloWorld.playground */ = {isa = PBXFileReference; lastKnownFileType = file.playground; path = TeamHelloWorld.playground; sourceTree = "<group>"; };
/* End PBXFileReference section */

/* Begin PBXGroup section */
		230ADFAB19BB3ACE006F19BB = {
			isa = PBXGroup;
			children = (
				230ADFB219BB3AF5006F19BB /* TeamHelloWorld.playground */,
			);
			sourceTree = "<group>";
		};
/* End PBXGroup section */

/* Begin PBXProject section */
		230ADFAC19BB3ACE006F19BB /* Project object */ = {
			isa = PBXProject;
			attributes = {
				LastUpgradeCheck = 0600;
			};
			buildConfigurationList = 230ADFAF19BB3ACE006F19BB /* Build configuration list for PBXProject "mob-swift-git" */;
			compatibilityVersion = "Xcode 3.2";
			developmentRegion = English;
			hasScannedForEncodings = 0;
			knownRegions = (
				en,
			);
			mainGroup = 230ADFAB19BB3ACE006F19BB;
			projectDirPath = "";
			projectRoot = "";
			targets = (
			);
		};
/* End PBXProject section */

/* Begin XCBuildConfiguration section */
		230ADFB019BB3ACE006F19BB /* Debug */ = {
			isa = XCBuildConfiguration;
			buildSettings = {
			};
			name = Debug;
		};
		230ADFB119BB3ACE006F19BB /* Release */ = {
			isa = XCBuildConfiguration;
			buildSettings = {
			};
			name = Release;
		};
/* End XCBuildConfiguration section */

/* Begin XCConfigurationList section */
		230ADFAF19BB3ACE006F19BB /* Build configuration list for PBXProject "mob-swift-git" */ = {
			isa = XCConfigurationList;
			buildConfigurations = (
				230ADFB019BB3ACE006F19BB /* Debug */,
				230ADFB119BB3ACE006F19BB /* Release */,
			);
			defaultConfigurationIsVisible = 0;
			defaultConfigurationName = Release;
		};
/* End XCConfigurationList section */
	};
	rootObject = 230ADFAC19BB3ACE006F19BB /* Project object */;
}
